<?xml version="1.0" encoding="utf-8"?>
<Project ToolsVersion="4.0" xmlns="http://schemas.microsoft.com/developer/msbuild/2003">
  <ItemGroup>
    <Filter Include="Source Files">
      <UniqueIdentifier>{4FC737F1-C7A5-4376-A066-2A32D752A2FF}</UniqueIdentifier>
      <Extensions>cpp;c;cc;cxx;def;odl;idl;hpj;bat;asm;asmx</Extensions>
    </Filter>
    <Filter Include="Header Files">
      <UniqueIdentifier>{93995380-89BD-4b04-88EB-625FBE52EBFB}</UniqueIdentifier>
      <Extensions>h;hh;hpp;hxx;hm;inl;inc;xsd</Extensions>
    </Filter>
    <Filter Include="Resource Files">
      <UniqueIdentifier>{67DA6AB6-F800-4c08-8B7A-83BB121AAD01}</UniqueIdentifier>
      <Extensions>rc;ico;cur;bmp;dlg;rc2;rct;bin;rgs;gif;jpg;jpeg;jpe;resx;tiff;tif;png;wav</Extensions>
    </Filter>
  </ItemGroup>
  <ItemGroup>
    <ClCompile Include="124. Binary Tree Maximum Path Sum.cpp">
      <Filter>Source Files</Filter>
    </ClCompile>
    <ClCompile Include="173. Binary Search Tree Iterator.cpp">
      <Filter>Source Files</Filter>
    </ClCompile>
    <ClCompile Include="449. Serialize and Deserialize BST.cpp">
      <Filter>Source Files</Filter>
    </ClCompile>
    <ClCompile Include="666. Path Sum IV.cpp">
      <Filter>Source Files</Filter>
    </ClCompile>
    <ClCompile Include="AddAndSearchWord.cpp">
      <Filter>Source Files</Filter>
    </ClCompile>
    <ClCompile Include="AddOneRowToTree.cpp">
      <Filter>Source Files</Filter>
    </ClCompile>
    <ClCompile Include="arithmeticSlices.cpp">
      <Filter>Source Files</Filter>
    </ClCompile>
    <ClCompile Include="AverageOfLevelsInBinaryTree.cpp">
      <Filter>Source Files</Filter>
    </ClCompile>
    <ClCompile Include="BeautifulArrangement.cpp">
      <Filter>Source Files</Filter>
    </ClCompile>
    <ClCompile Include="BinaryTreePostorderTraversal.cpp">
      <Filter>Source Files</Filter>
    </ClCompile>
    <ClCompile Include="BinaryTreeRightSideView.cpp">
      <Filter>Source Files</Filter>
    </ClCompile>
    <ClCompile Include="BinaryTreeZigzagLevelOrderTraversal.cpp">
      <Filter>Source Files</Filter>
    </ClCompile>
    <ClCompile Include="BulbSwitcher.cpp">
      <Filter>Source Files</Filter>
    </ClCompile>
    <ClCompile Include="BulbSwitcher2.cpp">
      <Filter>Source Files</Filter>
    </ClCompile>
    <ClCompile Include="Combinations.cpp">
      <Filter>Source Files</Filter>
    </ClCompile>
    <ClCompile Include="CombinationSum.cpp">
      <Filter>Source Files</Filter>
    </ClCompile>
    <ClCompile Include="CombinationSum2.cpp">
      <Filter>Source Files</Filter>
    </ClCompile>
    <ClCompile Include="CombinationSum3.cpp">
      <Filter>Source Files</Filter>
    </ClCompile>
    <ClCompile Include="ConstructBinaryTreeFromInorderAndPostorderTraversal.cpp">
      <Filter>Source Files</Filter>
    </ClCompile>
    <ClCompile Include="ConstructBinaryTreeFromPreorderAndInorderTraversal.cpp">
      <Filter>Source Files</Filter>
    </ClCompile>
    <ClCompile Include="ConstructStringFromBinaryTree.cpp">
      <Filter>Source Files</Filter>
    </ClCompile>
    <ClCompile Include="ContainerWithMostWater.cpp">
      <Filter>Source Files</Filter>
    </ClCompile>
    <ClCompile Include="ContainsDuplicate3.cpp">
      <Filter>Source Files</Filter>
    </ClCompile>
    <ClCompile Include="ConvertBstToGreaterTree.cpp">
      <Filter>Source Files</Filter>
    </ClCompile>
    <ClCompile Include="CountCompleteTreeNodes.cpp">
      <Filter>Source Files</Filter>
    </ClCompile>
    <ClCompile Include="countingBits.cpp">
      <Filter>Source Files</Filter>
    </ClCompile>
    <ClCompile Include="CountNumbersWithUniqueDigits.cpp">
      <Filter>Source Files</Filter>
    </ClCompile>
    <ClCompile Include="DeleteNodeInABST.cpp">
      <Filter>Source Files</Filter>
    </ClCompile>
    <ClCompile Include="DistributeCandies.cpp">
      <Filter>Source Files</Filter>
    </ClCompile>
    <ClCompile Include="EqualTreePartition.cpp">
      <Filter>Source Files</Filter>
    </ClCompile>
    <ClCompile Include="FindBottomLeftTreeValue.cpp">
      <Filter>Source Files</Filter>
    </ClCompile>
    <ClCompile Include="FindDuplicateSubtrees.cpp">
      <Filter>Source Files</Filter>
    </ClCompile>
    <ClCompile Include="FindKClosestElements.cpp">
      <Filter>Source Files</Filter>
    </ClCompile>
    <ClCompile Include="FindModeInBinarySearchTree.cpp">
      <Filter>Source Files</Filter>
    </ClCompile>
    <ClCompile Include="FlattenBinaryTreeToLinkedList.cpp">
      <Filter>Source Files</Filter>
    </ClCompile>
    <ClCompile Include="Game24.cpp">
      <Filter>Source Files</Filter>
    </ClCompile>
    <ClCompile Include="GenerateParentheses.cpp">
      <Filter>Source Files</Filter>
    </ClCompile>
    <ClCompile Include="GrayCode.cpp">
      <Filter>Source Files</Filter>
    </ClCompile>
    <ClCompile Include="GroupAnagrams.cpp">
      <Filter>Source Files</Filter>
    </ClCompile>
    <ClCompile Include="HouseRobber.cpp">
      <Filter>Source Files</Filter>
    </ClCompile>
    <ClCompile Include="HouseRobber2.cpp">
      <Filter>Source Files</Filter>
    </ClCompile>
    <ClCompile Include="HouseRobber3.cpp">
      <Filter>Source Files</Filter>
    </ClCompile>
    <ClCompile Include="ImageSmoother.cpp">
      <Filter>Source Files</Filter>
    </ClCompile>
    <ClCompile Include="ImplementMagicDictionary.cpp">
      <Filter>Source Files</Filter>
    </ClCompile>
    <ClCompile Include="ImplementstrStr.cpp">
      <Filter>Source Files</Filter>
    </ClCompile>
    <ClCompile Include="ImplementTrie.cpp">
      <Filter>Source Files</Filter>
    </ClCompile>
    <ClCompile Include="IntegerBreak.cpp">
      <Filter>Source Files</Filter>
    </ClCompile>
    <ClCompile Include="IntegerToRoman.cpp">
      <Filter>Source Files</Filter>
    </ClCompile>
    <ClCompile Include="IsSubsequence.cpp">
      <Filter>Source Files</Filter>
    </ClCompile>
    <ClCompile Include="KthSmallestElementInABST.cpp">
      <Filter>Source Files</Filter>
    </ClCompile>
    <ClCompile Include="LargestNumber.cpp">
      <Filter>Source Files</Filter>
    </ClCompile>
    <ClCompile Include="LetterCombinationsOfAPhoneNumber.cpp">
      <Filter>Source Files</Filter>
    </ClCompile>
    <ClCompile Include="LongestIncreasingSubsequence.cpp">
      <Filter>Source Files</Filter>
    </ClCompile>
    <ClCompile Include="LongestPalindromicSubstring.cpp">
      <Filter>Source Files</Filter>
    </ClCompile>
    <ClCompile Include="LongestSubstringWithoutRepeatingCharacters.cpp">
      <Filter>Source Files</Filter>
    </ClCompile>
    <ClCompile Include="LowestCommonAncestorOfABinarySearchTree.cpp">
      <Filter>Source Files</Filter>
    </ClCompile>
    <ClCompile Include="LowestCommonAncestorOfABinaryTree.cpp">
      <Filter>Source Files</Filter>
    </ClCompile>
    <ClCompile Include="MajorityElement2.cpp">
      <Filter>Source Files</Filter>
    </ClCompile>
    <ClCompile Include="MapSumPairs.cpp">
      <Filter>Source Files</Filter>
    </ClCompile>
    <ClCompile Include="MaximalSquare.cpp">
      <Filter>Source Files</Filter>
    </ClCompile>
    <ClCompile Include="MaximumAverageSubarray2.cpp">
      <Filter>Source Files</Filter>
    </ClCompile>
    <ClCompile Include="MaximumLengthOfPairChain.cpp">
      <Filter>Source Files</Filter>
    </ClCompile>
    <ClCompile Include="MaximumSwap.cpp">
      <Filter>Source Files</Filter>
    </ClCompile>
    <ClCompile Include="MaximumWidthOfBinaryTree.cpp">
      <Filter>Source Files</Filter>
    </ClCompile>
    <ClCompile Include="MaxProductSubarray.cpp">
      <Filter>Source Files</Filter>
    </ClCompile>
    <ClCompile Include="mediumOfTwoArrays.cpp">
      <Filter>Source Files</Filter>
    </ClCompile>
    <ClCompile Include="MergeIntervals.cpp">
      <Filter>Source Files</Filter>
    </ClCompile>
    <ClCompile Include="MergeKSortedLists.cpp">
      <Filter>Source Files</Filter>
    </ClCompile>
    <ClCompile Include="mergeTwoBinTree.cpp">
      <Filter>Source Files</Filter>
    </ClCompile>
    <ClCompile Include="miniPathSum.cpp">
      <Filter>Source Files</Filter>
    </ClCompile>
    <ClCompile Include="minstack.cpp">
      <Filter>Source Files</Filter>
    </ClCompile>
    <ClCompile Include="MostFrequentSubtreeSum.cpp">
      <Filter>Source Files</Filter>
    </ClCompile>
    <ClCompile Include="MultiplyStrings.cpp">
      <Filter>Source Files</Filter>
    </ClCompile>
    <ClCompile Include="NextPermutation.cpp">
      <Filter>Source Files</Filter>
    </ClCompile>
    <ClCompile Include="Non-decreasingArray.cpp">
      <Filter>Source Files</Filter>
    </ClCompile>
    <ClCompile Include="OddEvenLinkedList.cpp">
      <Filter>Source Files</Filter>
    </ClCompile>
    <ClCompile Include="OutofBoundaryPaths.cpp">
      <Filter>Source Files</Filter>
    </ClCompile>
    <ClCompile Include="palindromeNumber.cpp">
      <Filter>Source Files</Filter>
    </ClCompile>
    <ClCompile Include="PalindromePartitioning.cpp">
      <Filter>Source Files</Filter>
    </ClCompile>
    <ClCompile Include="PalindromicSubstrings.cpp">
      <Filter>Source Files</Filter>
    </ClCompile>
    <ClCompile Include="PartitionEqualSubsetSum.cpp">
      <Filter>Source Files</Filter>
    </ClCompile>
    <ClCompile Include="Pascal%27sTriangle.cpp">
      <Filter>Source Files</Filter>
    </ClCompile>
    <ClCompile Include="Pascal%27sTriangle2.cpp">
      <Filter>Source Files</Filter>
    </ClCompile>
    <ClCompile Include="PathSum2.cpp">
      <Filter>Source Files</Filter>
    </ClCompile>
    <ClCompile Include="PathSum3.cpp">
      <Filter>Source Files</Filter>
    </ClCompile>
    <ClCompile Include="PerfectSquares.cpp">
      <Filter>Source Files</Filter>
    </ClCompile>
    <ClCompile Include="Permutation2.cpp">
      <Filter>Source Files</Filter>
    </ClCompile>
    <ClCompile Include="Permutations.cpp">
      <Filter>Source Files</Filter>
    </ClCompile>
    <ClCompile Include="PermutationSequence.cpp">
      <Filter>Source Files</Filter>
    </ClCompile>
    <ClCompile Include="PopulatingNextRightPointersInEachNode.cpp">
      <Filter>Source Files</Filter>
    </ClCompile>
    <ClCompile Include="PopulatingNextRightPointersInEachNode2.cpp">
      <Filter>Source Files</Filter>
    </ClCompile>
    <ClCompile Include="Pow.cpp">
      <Filter>Source Files</Filter>
    </ClCompile>
    <ClCompile Include="PredictTheWinner.cpp">
      <Filter>Source Files</Filter>
    </ClCompile>
    <ClCompile Include="PrintBinaryTree.cpp">
      <Filter>Source Files</Filter>
    </ClCompile>
    <ClCompile Include="RangeSumQuery2D_Immutable.cpp">
      <Filter>Source Files</Filter>
    </ClCompile>
    <ClCompile Include="RecoverBinarySearchTree.cpp">
      <Filter>Source Files</Filter>
    </ClCompile>
    <ClCompile Include="RedundantConnection.cpp">
      <Filter>Source Files</Filter>
    </ClCompile>
    <ClCompile Include="Remove9.cpp">
      <Filter>Source Files</Filter>
    </ClCompile>
    <ClCompile Include="RemoveNthNodeFromEndOfList.cpp">
      <Filter>Source Files</Filter>
    </ClCompile>
    <ClCompile Include="RestoreIPAddresses.cpp">
      <Filter>Source Files</Filter>
    </ClCompile>
    <ClCompile Include="ReverseInteger.cpp">
      <Filter>Source Files</Filter>
    </ClCompile>
    <ClCompile Include="RotateImage.cpp">
      <Filter>Source Files</Filter>
    </ClCompile>
    <ClCompile Include="SearchInRotatedSortedArray.cpp">
      <Filter>Source Files</Filter>
    </ClCompile>
    <ClCompile Include="SearchInsertPosition.cpp">
      <Filter>Source Files</Filter>
    </ClCompile>
    <ClCompile Include="Search_For_A_Range.cpp">
      <Filter>Source Files</Filter>
    </ClCompile>
    <ClCompile Include="SecondMinimumNodeInABinaryTree.cpp">
      <Filter>Source Files</Filter>
    </ClCompile>
    <ClCompile Include="SpiralMatrix.cpp">
      <Filter>Source Files</Filter>
    </ClCompile>
    <ClCompile Include="SpiralMatrix2.cpp">
      <Filter>Source Files</Filter>
    </ClCompile>
    <ClCompile Include="SplitArrayIntoConsecutiveSubsequences.cpp">
      <Filter>Source Files</Filter>
    </ClCompile>
    <ClCompile Include="SubarraySumEqualsK.cpp">
      <Filter>Source Files</Filter>
    </ClCompile>
    <ClCompile Include="SubSets.cpp">
      <Filter>Source Files</Filter>
    </ClCompile>
    <ClCompile Include="SubSets2.cpp">
      <Filter>Source Files</Filter>
    </ClCompile>
    <ClCompile Include="SudokuSolver.cpp">
      <Filter>Source Files</Filter>
    </ClCompile>
    <ClCompile Include="Sum3.cpp">
      <Filter>Source Files</Filter>
    </ClCompile>
    <ClCompile Include="Sum3Closet.cpp">
      <Filter>Source Files</Filter>
    </ClCompile>
    <ClCompile Include="Sum4.cpp">
      <Filter>Source Files</Filter>
    </ClCompile>
    <ClCompile Include="SumRootToLeafNumbers.cpp">
      <Filter>Source Files</Filter>
    </ClCompile>
    <ClCompile Include="SwapNodesInPairs.cpp">
      <Filter>Source Files</Filter>
    </ClCompile>
    <ClCompile Include="SymmetricTree.cpp">
      <Filter>Source Files</Filter>
    </ClCompile>
    <ClCompile Include="TargetSum.cpp">
      <Filter>Source Files</Filter>
    </ClCompile>
    <ClCompile Include="Triangle.cpp">
      <Filter>Source Files</Filter>
    </ClCompile>
    <ClCompile Include="TrimABinarySearchTree.cpp">
      <Filter>Source Files</Filter>
    </ClCompile>
    <ClCompile Include="TwoKeysKeyboard.cpp">
      <Filter>Source Files</Filter>
    </ClCompile>
    <ClCompile Include="TwoSum4.cpp">
      <Filter>Source Files</Filter>
    </ClCompile>
    <ClCompile Include="UglyNumber.cpp">
      <Filter>Source Files</Filter>
    </ClCompile>
    <ClCompile Include="UglyNumber2.cpp">
      <Filter>Source Files</Filter>
    </ClCompile>
    <ClCompile Include="UniqueBinarySearchTrees.cpp">
      <Filter>Source Files</Filter>
    </ClCompile>
    <ClCompile Include="UniqueBinarySearchTrees2.cpp">
      <Filter>Source Files</Filter>
    </ClCompile>
    <ClCompile Include="uniquePath.cpp">
      <Filter>Source Files</Filter>
    </ClCompile>
    <ClCompile Include="UniquePaths.cpp">
      <Filter>Source Files</Filter>
    </ClCompile>
    <ClCompile Include="uniquePathsII.cpp">
      <Filter>Source Files</Filter>
    </ClCompile>
    <ClCompile Include="ValidateBinarySearchTree.cpp">
      <Filter>Source Files</Filter>
    </ClCompile>
    <ClCompile Include="ValidPalindrome2.cpp">
      <Filter>Source Files</Filter>
    </ClCompile>
    <ClCompile Include="ValidParentheses.cpp">
      <Filter>Source Files</Filter>
    </ClCompile>
    <ClCompile Include="ValidParenthesisString.cpp">
      <Filter>Source Files</Filter>
    </ClCompile>
    <ClCompile Include="ValidSudoku.cpp">
      <Filter>Source Files</Filter>
    </ClCompile>
    <ClCompile Include="vampire.cpp">
      <Filter>Source Files</Filter>
    </ClCompile>
    <ClCompile Include="WordBreak.cpp">
      <Filter>Source Files</Filter>
    </ClCompile>
    <ClCompile Include="wordSearch.cpp">
      <Filter>Source Files</Filter>
    </ClCompile>
  </ItemGroup>
  <ItemGroup>
    <ClInclude Include="inc.h">
      <Filter>Header Files</Filter>
    </ClInclude>
    <ClInclude Include="minstack.h">
      <Filter>Header Files</Filter>
    </ClInclude>
  </ItemGroup>
</Project>